
Microsoft Visual Studio Solution File, Format Version 12.00
# Visual Studio Version 17
VisualStudioVersion = 17.5.33414.496
MinimumVisualStudioVersion = 10.0.40219.1
Project("{8BC9CEB8-8B4A-11D0-8D11-00A0C91BC942}") = "01.XMVECTOR", "..\src\Chapter 1 Vector Algebra\XMVECTOR\XMVECTOR.vcxproj", "{508E9197-885A-4954-B5DD-B528CE27E803}"
EndProject
Project("{8BC9CEB8-8B4A-11D0-8D11-00A0C91BC942}") = "23.SkinnedMesh", "..\src\Chapter 23 Character Animation\SkinnedMesh\SkinnedMesh.vcxproj", "{6CFBC7B3-0F8A-4C64-AA5F-9051B208D67A}"
EndProject
Project("{8BC9CEB8-8B4A-11D0-8D11-00A0C91BC942}") = "02.XMMATRIX", "..\src\Chapter 2 Matrix Algebra\XMMATRIX\XMMATRIX.vcxproj", "{7CDBAD5D-00B5-4477-965E-803411B39454}"
EndProject
Project("{8BC9CEB8-8B4A-11D0-8D11-00A0C91BC942}") = "04.Init Direct3D", "..\src\Chapter 4 Direct3D Initialization\Init Direct3D\Init Direct3D.vcxproj", "{C4680F18-E037-4881-A760-CF9AC4C668C5}"
EndProject
Project("{8BC9CEB8-8B4A-11D0-8D11-00A0C91BC942}") = "06.Box", "..\src\Chapter 6 Drawing in Direct3D\Box\Box.vcxproj", "{B590A678-E935-4AED-AF1F-3B6D02A4AE95}"
EndProject
Project("{8BC9CEB8-8B4A-11D0-8D11-00A0C91BC942}") = "07.LandAndWaves", "..\src\Chapter 7 Drawing in Direct3D Part II\LandAndWaves\LandAndWaves.vcxproj", "{BDC63514-5D6B-4C7E-BC4F-11F19364456A}"
EndProject
Project("{8BC9CEB8-8B4A-11D0-8D11-00A0C91BC942}") = "07.Shapes", "..\src\Chapter 7 Drawing in Direct3D Part II\Shapes\Shapes.vcxproj", "{3F4D6E80-3635-4577-B6AC-CE8B90068BDD}"
EndProject
Project("{8BC9CEB8-8B4A-11D0-8D11-00A0C91BC942}") = "08.LitColumns", "..\src\Chapter 8 Lighting\LitColumns\LitColumns.vcxproj", "{8713DCC9-E21C-485A-99E5-B8D1E5AD91B6}"
EndProject
Project("{2150E333-8FDC-42A3-9474-1A3956D46DE8}") = "Solution Items", "Solution Items", "{301A29CE-7660-461C-972E-48C34A2D1857}"
	ProjectSection(SolutionItems) = preProject
		..\introductionto3dgameprogrammingwithdirectx12.pdf = ..\introductionto3dgameprogrammingwithdirectx12.pdf
	EndProjectSection
EndProject
Project("{8BC9CEB8-8B4A-11D0-8D11-00A0C91BC942}") = "08.LitWaves", "..\src\Chapter 8 Lighting\LitWaves\LitWaves.vcxproj", "{2D456930-7EE8-4CE4-965A-A85A744F8515}"
EndProject
Project("{8BC9CEB8-8B4A-11D0-8D11-00A0C91BC942}") = "09.TexColumns", "..\src\Chapter 9 Texturing\TexColumns\TexColumns.vcxproj", "{23D47CEE-6F04-46F2-B680-AF36FB5A386A}"
EndProject
Project("{8BC9CEB8-8B4A-11D0-8D11-00A0C91BC942}") = "09.TexWaves", "..\src\Chapter 9 Texturing\TexWaves\TexWaves.vcxproj", "{0EB5ECAA-3BCB-4B58-9FA9-88176C0E1CFF}"
EndProject
Project("{8BC9CEB8-8B4A-11D0-8D11-00A0C91BC942}") = "10.BlendDemo", "..\src\Chapter 10 Blending\BlendDemo\BlendDemo.vcxproj", "{5ED524F3-165A-425D-B380-3FA556A48005}"
EndProject
Project("{8BC9CEB8-8B4A-11D0-8D11-00A0C91BC942}") = "11.StencilDemo", "..\src\Chapter 11 Stenciling\StencilDemo\StencilDemo.vcxproj", "{BB2E3DFF-5328-43B3-A8A1-1E881AFE7884}"
EndProject
Project("{8BC9CEB8-8B4A-11D0-8D11-00A0C91BC942}") = "12.TreeBillboards", "..\src\Chapter 12 The Geometry Shader\TreeBillboards\TreeBillboards.vcxproj", "{6A6F7455-9AA4-4BFA-8593-169F7182146A}"
EndProject
Project("{8BC9CEB8-8B4A-11D0-8D11-00A0C91BC942}") = "13.Blur", "..\src\Chapter 13 The Compute Shader\Blur\Blur.vcxproj", "{CA41A537-195E-4958-B149-CEE6399D9618}"
EndProject
Project("{8BC9CEB8-8B4A-11D0-8D11-00A0C91BC942}") = "13.SobelFilter", "..\src\Chapter 13 The Compute Shader\SobelFilter\SobelFilter.vcxproj", "{2B6B81E7-C717-43D5-A535-B59ADA901B09}"
EndProject
Project("{8BC9CEB8-8B4A-11D0-8D11-00A0C91BC942}") = "13.VecAdd", "..\src\Chapter 13 The Compute Shader\VecAdd\VecAdd.vcxproj", "{B7F5DB6D-AE07-41D0-A684-26C3A36B97C4}"
EndProject
Project("{8BC9CEB8-8B4A-11D0-8D11-00A0C91BC942}") = "13.WavesCS", "..\src\Chapter 13 The Compute Shader\WavesCS\WavesCS.vcxproj", "{16004724-C619-451B-A249-58709A3639C0}"
EndProject
Project("{8BC9CEB8-8B4A-11D0-8D11-00A0C91BC942}") = "14.BasicTessellation", "..\src\Chapter 14 The Tessellation Stages\BasicTessellation\BasicTessellation.vcxproj", "{66252CDA-3422-41DD-B089-393287D6E614}"
EndProject
Project("{8BC9CEB8-8B4A-11D0-8D11-00A0C91BC942}") = "14.BezierPatch", "..\src\Chapter 14 The Tessellation Stages\BezierPatch\BezierPatch.vcxproj", "{F2BE9056-354C-40EA-A16E-3335F07678A6}"
EndProject
Project("{8BC9CEB8-8B4A-11D0-8D11-00A0C91BC942}") = "15.CameraAndDynamicIndexing", "..\src\Chapter 15 First Person Camera and Dynamic Indexing\CameraAndDynamicIndexing\CameraAndDynamicIndexing.vcxproj", "{EBA44FF6-C000-495A-ABE9-E6848AF88F17}"
EndProject
Project("{8BC9CEB8-8B4A-11D0-8D11-00A0C91BC942}") = "16.InstancingAndCulling", "..\src\Chapter 16 Instancing and Frustum Culling\InstancingAndCulling\InstancingAndCulling.vcxproj", "{08EDFAC3-2447-4CDF-9B1F-D91C8D9887E7}"
EndProject
Project("{8BC9CEB8-8B4A-11D0-8D11-00A0C91BC942}") = "17.Picking", "..\src\Chapter 17 Picking\Picking\Picking.vcxproj", "{BA776CBA-A555-43D1-B4B8-82A3BEFEFDB9}"
EndProject
Project("{8BC9CEB8-8B4A-11D0-8D11-00A0C91BC942}") = "18.CubeMap", "..\src\Chapter 18 Cube Mapping\CubeMap\CubeMap.vcxproj", "{75FB9415-C135-4C93-9B35-8C27FB9BF7F3}"
EndProject
Project("{8BC9CEB8-8B4A-11D0-8D11-00A0C91BC942}") = "18.DynamicCube", "..\src\Chapter 18 Cube Mapping\DynamicCube\DynamicCube.vcxproj", "{454E2EDD-4E64-49AE-8B29-9AC94FAC2494}"
EndProject
Project("{8BC9CEB8-8B4A-11D0-8D11-00A0C91BC942}") = "19.NormalMap", "..\src\Chapter 19 Normal Mapping\NormalMap\NormalMap.vcxproj", "{BDD38E45-5E08-4654-80AB-204A7C4A3FF3}"
EndProject
Project("{8BC9CEB8-8B4A-11D0-8D11-00A0C91BC942}") = "20.Shadows", "..\src\Chapter 20 Shadow Mapping\Shadows\Shadows.vcxproj", "{BE228814-A8FE-45F3-91A8-5F73AD61AB02}"
EndProject
Project("{8BC9CEB8-8B4A-11D0-8D11-00A0C91BC942}") = "21.Ssao", "..\src\Chapter 21 Ambient Occlusion\Ssao\Ssao.vcxproj", "{19D1BAEA-0053-4B68-A3A3-FE3A2F4D7E46}"
EndProject
Project("{8BC9CEB8-8B4A-11D0-8D11-00A0C91BC942}") = "22.QuatDemo", "..\src\Chapter 22 Quaternions\QuatDemo\QuatDemo.vcxproj", "{FE0CC4EB-8818-4EF7-922B-B591D2906E0C}"
EndProject
Project("{8BC9CEB8-8B4A-11D0-8D11-00A0C91BC942}") = "0.common", "common.vcxproj", "{4D8C63BE-9E18-44A7-963D-0AB1CDA729A9}"
EndProject
Project("{8BC9CEB8-8B4A-11D0-8D11-00A0C91BC942}") = "09.Crate", "..\src\Chapter 9 Texturing\Crate\Crate.vcxproj", "{99BAD649-F897-4374-B69D-EEB3F9CAE027}"
EndProject
Global
	GlobalSection(SolutionConfigurationPlatforms) = preSolution
		Debug|x64 = Debug|x64
		Release|x64 = Release|x64
	EndGlobalSection
	GlobalSection(ProjectConfigurationPlatforms) = postSolution
		{508E9197-885A-4954-B5DD-B528CE27E803}.Debug|x64.ActiveCfg = Debug|x64
		{508E9197-885A-4954-B5DD-B528CE27E803}.Debug|x64.Build.0 = Debug|x64
		{508E9197-885A-4954-B5DD-B528CE27E803}.Release|x64.ActiveCfg = Release|x64
		{508E9197-885A-4954-B5DD-B528CE27E803}.Release|x64.Build.0 = Release|x64
		{6CFBC7B3-0F8A-4C64-AA5F-9051B208D67A}.Debug|x64.ActiveCfg = Debug|x64
		{6CFBC7B3-0F8A-4C64-AA5F-9051B208D67A}.Debug|x64.Build.0 = Debug|x64
		{6CFBC7B3-0F8A-4C64-AA5F-9051B208D67A}.Release|x64.ActiveCfg = Release|x64
		{6CFBC7B3-0F8A-4C64-AA5F-9051B208D67A}.Release|x64.Build.0 = Release|x64
		{7CDBAD5D-00B5-4477-965E-803411B39454}.Debug|x64.ActiveCfg = Debug|x64
		{7CDBAD5D-00B5-4477-965E-803411B39454}.Debug|x64.Build.0 = Debug|x64
		{7CDBAD5D-00B5-4477-965E-803411B39454}.Release|x64.ActiveCfg = Release|x64
		{7CDBAD5D-00B5-4477-965E-803411B39454}.Release|x64.Build.0 = Release|x64
		{C4680F18-E037-4881-A760-CF9AC4C668C5}.Debug|x64.ActiveCfg = Debug|x64
		{C4680F18-E037-4881-A760-CF9AC4C668C5}.Debug|x64.Build.0 = Debug|x64
		{C4680F18-E037-4881-A760-CF9AC4C668C5}.Release|x64.ActiveCfg = Release|x64
		{C4680F18-E037-4881-A760-CF9AC4C668C5}.Release|x64.Build.0 = Release|x64
		{B590A678-E935-4AED-AF1F-3B6D02A4AE95}.Debug|x64.ActiveCfg = Debug|x64
		{B590A678-E935-4AED-AF1F-3B6D02A4AE95}.Debug|x64.Build.0 = Debug|x64
		{B590A678-E935-4AED-AF1F-3B6D02A4AE95}.Release|x64.ActiveCfg = Release|x64
		{B590A678-E935-4AED-AF1F-3B6D02A4AE95}.Release|x64.Build.0 = Release|x64
		{BDC63514-5D6B-4C7E-BC4F-11F19364456A}.Debug|x64.ActiveCfg = Debug|x64
		{BDC63514-5D6B-4C7E-BC4F-11F19364456A}.Debug|x64.Build.0 = Debug|x64
		{BDC63514-5D6B-4C7E-BC4F-11F19364456A}.Release|x64.ActiveCfg = Release|x64
		{BDC63514-5D6B-4C7E-BC4F-11F19364456A}.Release|x64.Build.0 = Release|x64
		{3F4D6E80-3635-4577-B6AC-CE8B90068BDD}.Debug|x64.ActiveCfg = Debug|x64
		{3F4D6E80-3635-4577-B6AC-CE8B90068BDD}.Debug|x64.Build.0 = Debug|x64
		{3F4D6E80-3635-4577-B6AC-CE8B90068BDD}.Release|x64.ActiveCfg = Release|x64
		{3F4D6E80-3635-4577-B6AC-CE8B90068BDD}.Release|x64.Build.0 = Release|x64
		{8713DCC9-E21C-485A-99E5-B8D1E5AD91B6}.Debug|x64.ActiveCfg = Debug|x64
		{8713DCC9-E21C-485A-99E5-B8D1E5AD91B6}.Debug|x64.Build.0 = Debug|x64
		{8713DCC9-E21C-485A-99E5-B8D1E5AD91B6}.Release|x64.ActiveCfg = Release|x64
		{8713DCC9-E21C-485A-99E5-B8D1E5AD91B6}.Release|x64.Build.0 = Release|x64
		{2D456930-7EE8-4CE4-965A-A85A744F8515}.Debug|x64.ActiveCfg = Debug|x64
		{2D456930-7EE8-4CE4-965A-A85A744F8515}.Debug|x64.Build.0 = Debug|x64
		{2D456930-7EE8-4CE4-965A-A85A744F8515}.Release|x64.ActiveCfg = Release|x64
		{2D456930-7EE8-4CE4-965A-A85A744F8515}.Release|x64.Build.0 = Release|x64
		{23D47CEE-6F04-46F2-B680-AF36FB5A386A}.Debug|x64.ActiveCfg = Debug|x64
		{23D47CEE-6F04-46F2-B680-AF36FB5A386A}.Debug|x64.Build.0 = Debug|x64
		{23D47CEE-6F04-46F2-B680-AF36FB5A386A}.Release|x64.ActiveCfg = Release|x64
		{23D47CEE-6F04-46F2-B680-AF36FB5A386A}.Release|x64.Build.0 = Release|x64
		{0EB5ECAA-3BCB-4B58-9FA9-88176C0E1CFF}.Debug|x64.ActiveCfg = Debug|x64
		{0EB5ECAA-3BCB-4B58-9FA9-88176C0E1CFF}.Debug|x64.Build.0 = Debug|x64
		{0EB5ECAA-3BCB-4B58-9FA9-88176C0E1CFF}.Release|x64.ActiveCfg = Release|x64
		{0EB5ECAA-3BCB-4B58-9FA9-88176C0E1CFF}.Release|x64.Build.0 = Release|x64
		{5ED524F3-165A-425D-B380-3FA556A48005}.Debug|x64.ActiveCfg = Debug|x64
		{5ED524F3-165A-425D-B380-3FA556A48005}.Debug|x64.Build.0 = Debug|x64
		{5ED524F3-165A-425D-B380-3FA556A48005}.Release|x64.ActiveCfg = Release|x64
		{5ED524F3-165A-425D-B380-3FA556A48005}.Release|x64.Build.0 = Release|x64
		{BB2E3DFF-5328-43B3-A8A1-1E881AFE7884}.Debug|x64.ActiveCfg = Debug|x64
		{BB2E3DFF-5328-43B3-A8A1-1E881AFE7884}.Debug|x64.Build.0 = Debug|x64
		{BB2E3DFF-5328-43B3-A8A1-1E881AFE7884}.Release|x64.ActiveCfg = Release|x64
		{BB2E3DFF-5328-43B3-A8A1-1E881AFE7884}.Release|x64.Build.0 = Release|x64
		{6A6F7455-9AA4-4BFA-8593-169F7182146A}.Debug|x64.ActiveCfg = Debug|x64
		{6A6F7455-9AA4-4BFA-8593-169F7182146A}.Debug|x64.Build.0 = Debug|x64
		{6A6F7455-9AA4-4BFA-8593-169F7182146A}.Release|x64.ActiveCfg = Release|x64
		{6A6F7455-9AA4-4BFA-8593-169F7182146A}.Release|x64.Build.0 = Release|x64
		{CA41A537-195E-4958-B149-CEE6399D9618}.Debug|x64.ActiveCfg = Debug|x64
		{CA41A537-195E-4958-B149-CEE6399D9618}.Debug|x64.Build.0 = Debug|x64
		{CA41A537-195E-4958-B149-CEE6399D9618}.Release|x64.ActiveCfg = Release|x64
		{CA41A537-195E-4958-B149-CEE6399D9618}.Release|x64.Build.0 = Release|x64
		{2B6B81E7-C717-43D5-A535-B59ADA901B09}.Debug|x64.ActiveCfg = Debug|x64
		{2B6B81E7-C717-43D5-A535-B59ADA901B09}.Debug|x64.Build.0 = Debug|x64
		{2B6B81E7-C717-43D5-A535-B59ADA901B09}.Release|x64.ActiveCfg = Release|x64
		{2B6B81E7-C717-43D5-A535-B59ADA901B09}.Release|x64.Build.0 = Release|x64
		{B7F5DB6D-AE07-41D0-A684-26C3A36B97C4}.Debug|x64.ActiveCfg = Debug|x64
		{B7F5DB6D-AE07-41D0-A684-26C3A36B97C4}.Debug|x64.Build.0 = Debug|x64
		{B7F5DB6D-AE07-41D0-A684-26C3A36B97C4}.Release|x64.ActiveCfg = Release|x64
		{B7F5DB6D-AE07-41D0-A684-26C3A36B97C4}.Release|x64.Build.0 = Release|x64
		{16004724-C619-451B-A249-58709A3639C0}.Debug|x64.ActiveCfg = Debug|x64
		{16004724-C619-451B-A249-58709A3639C0}.Debug|x64.Build.0 = Debug|x64
		{16004724-C619-451B-A249-58709A3639C0}.Release|x64.ActiveCfg = Release|x64
		{16004724-C619-451B-A249-58709A3639C0}.Release|x64.Build.0 = Release|x64
		{66252CDA-3422-41DD-B089-393287D6E614}.Debug|x64.ActiveCfg = Debug|x64
		{66252CDA-3422-41DD-B089-393287D6E614}.Debug|x64.Build.0 = Debug|x64
		{66252CDA-3422-41DD-B089-393287D6E614}.Release|x64.ActiveCfg = Release|x64
		{66252CDA-3422-41DD-B089-393287D6E614}.Release|x64.Build.0 = Release|x64
		{F2BE9056-354C-40EA-A16E-3335F07678A6}.Debug|x64.ActiveCfg = Debug|x64
		{F2BE9056-354C-40EA-A16E-3335F07678A6}.Debug|x64.Build.0 = Debug|x64
		{F2BE9056-354C-40EA-A16E-3335F07678A6}.Release|x64.ActiveCfg = Release|x64
		{F2BE9056-354C-40EA-A16E-3335F07678A6}.Release|x64.Build.0 = Release|x64
		{EBA44FF6-C000-495A-ABE9-E6848AF88F17}.Debug|x64.ActiveCfg = Debug|x64
		{EBA44FF6-C000-495A-ABE9-E6848AF88F17}.Debug|x64.Build.0 = Debug|x64
		{EBA44FF6-C000-495A-ABE9-E6848AF88F17}.Release|x64.ActiveCfg = Release|x64
		{EBA44FF6-C000-495A-ABE9-E6848AF88F17}.Release|x64.Build.0 = Release|x64
		{08EDFAC3-2447-4CDF-9B1F-D91C8D9887E7}.Debug|x64.ActiveCfg = Debug|x64
		{08EDFAC3-2447-4CDF-9B1F-D91C8D9887E7}.Debug|x64.Build.0 = Debug|x64
		{08EDFAC3-2447-4CDF-9B1F-D91C8D9887E7}.Release|x64.ActiveCfg = Release|x64
		{08EDFAC3-2447-4CDF-9B1F-D91C8D9887E7}.Release|x64.Build.0 = Release|x64
		{BA776CBA-A555-43D1-B4B8-82A3BEFEFDB9}.Debug|x64.ActiveCfg = Debug|x64
		{BA776CBA-A555-43D1-B4B8-82A3BEFEFDB9}.Debug|x64.Build.0 = Debug|x64
		{BA776CBA-A555-43D1-B4B8-82A3BEFEFDB9}.Release|x64.ActiveCfg = Release|x64
		{BA776CBA-A555-43D1-B4B8-82A3BEFEFDB9}.Release|x64.Build.0 = Release|x64
		{75FB9415-C135-4C93-9B35-8C27FB9BF7F3}.Debug|x64.ActiveCfg = Debug|x64
		{75FB9415-C135-4C93-9B35-8C27FB9BF7F3}.Debug|x64.Build.0 = Debug|x64
		{75FB9415-C135-4C93-9B35-8C27FB9BF7F3}.Release|x64.ActiveCfg = Release|x64
		{75FB9415-C135-4C93-9B35-8C27FB9BF7F3}.Release|x64.Build.0 = Release|x64
		{454E2EDD-4E64-49AE-8B29-9AC94FAC2494}.Debug|x64.ActiveCfg = Debug|x64
		{454E2EDD-4E64-49AE-8B29-9AC94FAC2494}.Debug|x64.Build.0 = Debug|x64
		{454E2EDD-4E64-49AE-8B29-9AC94FAC2494}.Release|x64.ActiveCfg = Release|x64
		{454E2EDD-4E64-49AE-8B29-9AC94FAC2494}.Release|x64.Build.0 = Release|x64
		{BDD38E45-5E08-4654-80AB-204A7C4A3FF3}.Debug|x64.ActiveCfg = Debug|x64
		{BDD38E45-5E08-4654-80AB-204A7C4A3FF3}.Debug|x64.Build.0 = Debug|x64
		{BDD38E45-5E08-4654-80AB-204A7C4A3FF3}.Release|x64.ActiveCfg = Release|x64
		{BDD38E45-5E08-4654-80AB-204A7C4A3FF3}.Release|x64.Build.0 = Release|x64
		{BE228814-A8FE-45F3-91A8-5F73AD61AB02}.Debug|x64.ActiveCfg = Debug|x64
		{BE228814-A8FE-45F3-91A8-5F73AD61AB02}.Debug|x64.Build.0 = Debug|x64
		{BE228814-A8FE-45F3-91A8-5F73AD61AB02}.Release|x64.ActiveCfg = Release|x64
		{BE228814-A8FE-45F3-91A8-5F73AD61AB02}.Release|x64.Build.0 = Release|x64
		{19D1BAEA-0053-4B68-A3A3-FE3A2F4D7E46}.Debug|x64.ActiveCfg = Debug|x64
		{19D1BAEA-0053-4B68-A3A3-FE3A2F4D7E46}.Debug|x64.Build.0 = Debug|x64
		{19D1BAEA-0053-4B68-A3A3-FE3A2F4D7E46}.Release|x64.ActiveCfg = Release|x64
		{19D1BAEA-0053-4B68-A3A3-FE3A2F4D7E46}.Release|x64.Build.0 = Release|x64
		{FE0CC4EB-8818-4EF7-922B-B591D2906E0C}.Debug|x64.ActiveCfg = Debug|x64
		{FE0CC4EB-8818-4EF7-922B-B591D2906E0C}.Debug|x64.Build.0 = Debug|x64
		{FE0CC4EB-8818-4EF7-922B-B591D2906E0C}.Release|x64.ActiveCfg = Release|x64
		{FE0CC4EB-8818-4EF7-922B-B591D2906E0C}.Release|x64.Build.0 = Release|x64
		{4D8C63BE-9E18-44A7-963D-0AB1CDA729A9}.Debug|x64.ActiveCfg = Debug|x64
		{4D8C63BE-9E18-44A7-963D-0AB1CDA729A9}.Debug|x64.Build.0 = Debug|x64
		{4D8C63BE-9E18-44A7-963D-0AB1CDA729A9}.Release|x64.ActiveCfg = Release|x64
		{4D8C63BE-9E18-44A7-963D-0AB1CDA729A9}.Release|x64.Build.0 = Release|x64
		{99BAD649-F897-4374-B69D-EEB3F9CAE027}.Debug|x64.ActiveCfg = Debug|x64
		{99BAD649-F897-4374-B69D-EEB3F9CAE027}.Debug|x64.Build.0 = Debug|x64
		{99BAD649-F897-4374-B69D-EEB3F9CAE027}.Release|x64.ActiveCfg = Release|x64
		{99BAD649-F897-4374-B69D-EEB3F9CAE027}.Release|x64.Build.0 = Release|x64
	EndGlobalSection
	GlobalSection(SolutionProperties) = preSolution
		HideSolutionNode = FALSE
	EndGlobalSection
	GlobalSection(ExtensibilityGlobals) = postSolution
		SolutionGuid = {AA33FB0F-1B84-4268-8A85-68013BABEF9C}
	EndGlobalSection
EndGlobal
